
Microsoft Visual Studio Solution File, Format Version 12.00
# Visual Studio 2013
VisualStudioVersion = 12.0.31101.0
MinimumVisualStudioVersion = 10.0.40219.1
Project("{FAE04EC0-301F-11D3-BF4B-00C04F79EFBC}") = "WFF_Windows", "WFF_Windows\WFF_Windows.csproj", "{3BF6A3C5-C014-474F-B85C-5A175D64E985}"
EndProject
Project("{FAE04EC0-301F-11D3-BF4B-00C04F79EFBC}") = "WFF", "..\WFF\WFF\WFF.csproj", "{1FB29BB2-B602-4DBC-9458-F75CA070B6DC}"
EndProject
Global
	GlobalSection(SolutionConfigurationPlatforms) = preSolution
		Debug|Any CPU = Debug|Any CPU
		Release|Any CPU = Release|Any CPU
	EndGlobalSection
	GlobalSection(ProjectConfigurationPlatforms) = postSolution
		{3BF6A3C5-C014-474F-B85C-5A175D64E985}.Debug|Any CPU.ActiveCfg = Debug|Any CPU
		{3BF6A3C5-C014-474F-B85C-5A175D64E985}.Debug|Any CPU.Build.0 = Debug|Any CPU
		{3BF6A3C5-C014-474F-B85C-5A175D64E985}.Release|Any CPU.ActiveCfg = Release|Any CPU
		{3BF6A3C5-C014-474F-B85C-5A175D64E985}.Release|Any CPU.Build.0 = Release|Any CPU
		{1FB29BB2-B602-4DBC-9458-F75CA070B6DC}.Debug|Any CPU.ActiveCfg = Debug|Any CPU
		{1FB29BB2-B602-4DBC-9458-F75CA070B6DC}.Debug|Any CPU.Build.0 = Debug|Any CPU
		{1FB29BB2-B602-4DBC-9458-F75CA070B6DC}.Release|Any CPU.ActiveCfg = Release|Any CPU
		{1FB29BB2-B602-4DBC-9458-F75CA070B6DC}.Release|Any CPU.Build.0 = Release|Any CPU
	EndGlobalSection
	GlobalSection(SolutionProperties) = preSolution
		HideSolutionNode = FALSE
	EndGlobalSection
EndGlobal
